{
  "originHash" : "af411fe3278ad778edfd02ea4d314bc9b7078647b83fdd6ac515047c582f422f",
  "pins" : [
    {
      "identity" : "swift-argument-parser",
      "kind" : "remoteSourceControl",
      "location" : "https://github.com/apple/swift-argument-parser",
      "state" : {
        "revision" : "309a47b2b1d9b5e991f36961c983ecec72275be3",
        "version" : "1.6.1"
      }
    }
  ],
  "version" : 3
}
